
Microsoft Visual Studio Solution File, Format Version 12.00
# Visual Studio 14
VisualStudioVersion = 14.0.25420.1
MinimumVisualStudioVersion = 10.0.40219.1
Project("{FAE04EC0-301F-11D3-BF4B-00C04F79EFBC}") = "Seguro.Negocio", "Seguro.Negocio\Seguro.Negocio.csproj", "{6191BAA0-91E7-4CD1-BFB1-CE00302A2F90}"
EndProject
Project("{FAE04EC0-301F-11D3-BF4B-00C04F79EFBC}") = "Seguro.Servicio", "Seguro.Servicio\Seguro.Servicio.csproj", "{171A2798-1C42-4AC7-A732-9CA5505EA7DA}"
EndProject
Project("{FAE04EC0-301F-11D3-BF4B-00C04F79EFBC}") = "Seguro.Web", "Seguro.Web\Seguro.Web.csproj", "{0B3170F1-FC1D-4452-92F0-A270197BB852}"
EndProject
Global
	GlobalSection(SolutionConfigurationPlatforms) = preSolution
		Debug|Any CPU = Debug|Any CPU
		Release|Any CPU = Release|Any CPU
	EndGlobalSection
	GlobalSection(ProjectConfigurationPlatforms) = postSolution
		{6191BAA0-91E7-4CD1-BFB1-CE00302A2F90}.Debug|Any CPU.ActiveCfg = Debug|Any CPU
		{6191BAA0-91E7-4CD1-BFB1-CE00302A2F90}.Debug|Any CPU.Build.0 = Debug|Any CPU
		{6191BAA0-91E7-4CD1-BFB1-CE00302A2F90}.Release|Any CPU.ActiveCfg = Release|Any CPU
		{6191BAA0-91E7-4CD1-BFB1-CE00302A2F90}.Release|Any CPU.Build.0 = Release|Any CPU
		{171A2798-1C42-4AC7-A732-9CA5505EA7DA}.Debug|Any CPU.ActiveCfg = Debug|Any CPU
		{171A2798-1C42-4AC7-A732-9CA5505EA7DA}.Debug|Any CPU.Build.0 = Debug|Any CPU
		{171A2798-1C42-4AC7-A732-9CA5505EA7DA}.Release|Any CPU.ActiveCfg = Release|Any CPU
		{171A2798-1C42-4AC7-A732-9CA5505EA7DA}.Release|Any CPU.Build.0 = Release|Any CPU
		{0B3170F1-FC1D-4452-92F0-A270197BB852}.Debug|Any CPU.ActiveCfg = Debug|Any CPU
		{0B3170F1-FC1D-4452-92F0-A270197BB852}.Debug|Any CPU.Build.0 = Debug|Any CPU
		{0B3170F1-FC1D-4452-92F0-A270197BB852}.Release|Any CPU.ActiveCfg = Release|Any CPU
		{0B3170F1-FC1D-4452-92F0-A270197BB852}.Release|Any CPU.Build.0 = Release|Any CPU
	EndGlobalSection
	GlobalSection(SolutionProperties) = preSolution
		HideSolutionNode = FALSE
	EndGlobalSection
EndGlobal
